
Microsoft Visual Studio Solution File, Format Version 12.00
# Visual Studio Version 17
VisualStudioVersion = 17.3.32929.385
MinimumVisualStudioVersion = 10.0.40219.1
Project("{FAE04EC0-301F-11D3-BF4B-00C04F79EFBC}") = "ConsoleApp41", "ConsoleApp41\ConsoleApp41.csproj", "{670775EC-F81F-4A0E-AAA5-39FA2EC631B5}"
EndProject
Global
	GlobalSection(SolutionConfigurationPlatforms) = preSolution
		Debug|Any CPU = Debug|Any CPU
		Release|Any CPU = Release|Any CPU
	EndGlobalSection
	GlobalSection(ProjectConfigurationPlatforms) = postSolution
		{670775EC-F81F-4A0E-AAA5-39FA2EC631B5}.Debug|Any CPU.ActiveCfg = Debug|Any CPU
		{670775EC-F81F-4A0E-AAA5-39FA2EC631B5}.Debug|Any CPU.Build.0 = Debug|Any CPU
		{670775EC-F81F-4A0E-AAA5-39FA2EC631B5}.Release|Any CPU.ActiveCfg = Release|Any CPU
		{670775EC-F81F-4A0E-AAA5-39FA2EC631B5}.Release|Any CPU.Build.0 = Release|Any CPU
	EndGlobalSection
	GlobalSection(SolutionProperties) = preSolution
		HideSolutionNode = FALSE
	EndGlobalSection
	GlobalSection(ExtensibilityGlobals) = postSolution
		SolutionGuid = {226C1A45-F94F-41DB-9F92-7905E02EE12B}
	EndGlobalSection
EndGlobal
